// !$*UTF8*$!
{
	archiveVersion = 1;
	classes = {
	};
	objectVersion = 54;
	objects = {

/* Begin PBXBuildFile section */
		00E356F31AD99517003FC87E /* loteriaTests.m in Sources */ = {isa = PBXBuildFile; fileRef = 00E356F21AD99517003FC87E /* loteriaTests.m */; };
		13B07FBC1A68108700A75B9A /* AppDelegate.m in Sources */ = {isa = PBXBuildFile; fileRef = 13B07FB01A68108700A75B9A /* AppDelegate.m */; };
		13B07FBF1A68108700A75B9A /* Images.xcassets in Resources */ = {isa = PBXBuildFile; fileRef = 13B07FB51A68108700A75B9A /* Images.xcassets */; };
		13B07FC11A68108700A75B9A /* main.m in Sources */ = {isa = PBXBuildFile; fileRef = 13B07FB71A68108700A75B9A /* main.m */; };
		1C394A2227CC9A3200188D7A /* 43.m4a in Resources */ = {isa = PBXBuildFile; fileRef = 1C3949EB27CC9A2F00188D7A /* 43.m4a */; };
		1C394A2327CC9A3200188D7A /* 20.m4a in Resources */ = {isa = PBXBuildFile; fileRef = 1C3949EC27CC9A2F00188D7A /* 20.m4a */; };
		1C394A2427CC9A3200188D7A /* 15.m4a in Resources */ = {isa = PBXBuildFile; fileRef = 1C3949ED27CC9A2F00188D7A /* 15.m4a */; };
		1C394A2527CC9A3200188D7A /* 12.m4a in Resources */ = {isa = PBXBuildFile; fileRef = 1C3949EE27CC9A2F00188D7A /* 12.m4a */; };
		1C394A2627CC9A3200188D7A /* 46.m4a in Resources */ = {isa = PBXBuildFile; fileRef = 1C3949EF27CC9A2F00188D7A /* 46.m4a */; };
		1C394A2727CC9A3200188D7A /* 34.m4a in Resources */ = {isa = PBXBuildFile; fileRef = 1C3949F027CC9A2F00188D7A /* 34.m4a */; };
		1C394A2827CC9A3200188D7A /* 50.m4a in Resources */ = {isa = PBXBuildFile; fileRef = 1C3949F127CC9A2F00188D7A /* 50.m4a */; };
		1C394A2927CC9A3200188D7A /* 26.m4a in Resources */ = {isa = PBXBuildFile; fileRef = 1C3949F227CC9A3000188D7A /* 26.m4a */; };
		1C394A2A27CC9A3200188D7A /* 27.m4a in Resources */ = {isa = PBXBuildFile; fileRef = 1C3949F327CC9A3000188D7A /* 27.m4a */; };
		1C394A2B27CC9A3200188D7A /* 42.m4a in Resources */ = {isa = PBXBuildFile; fileRef = 1C3949F427CC9A3000188D7A /* 42.m4a */; };
		1C394A2C27CC9A3200188D7A /* 49.m4a in Resources */ = {isa = PBXBuildFile; fileRef = 1C3949F527CC9A3000188D7A /* 49.m4a */; };
		1C394A2D27CC9A3200188D7A /* 29.m4a in Resources */ = {isa = PBXBuildFile; fileRef = 1C3949F627CC9A3000188D7A /* 29.m4a */; };
		1C394A2E27CC9A3200188D7A /* 18.m4a in Resources */ = {isa = PBXBuildFile; fileRef = 1C3949F727CC9A3000188D7A /* 18.m4a */; };
		1C394A2F27CC9A3200188D7A /* 22.m4a in Resources */ = {isa = PBXBuildFile; fileRef = 1C3949F827CC9A3000188D7A /* 22.m4a */; };
		1C394A3027CC9A3200188D7A /* 4.m4a in Resources */ = {isa = PBXBuildFile; fileRef = 1C3949F927CC9A3000188D7A /* 4.m4a */; };
		1C394A3127CC9A3200188D7A /* 13.m4a in Resources */ = {isa = PBXBuildFile; fileRef = 1C3949FA27CC9A3000188D7A /* 13.m4a */; };
		1C394A3227CC9A3200188D7A /* 6.m4a in Resources */ = {isa = PBXBuildFile; fileRef = 1C3949FB27CC9A3000188D7A /* 6.m4a */; };
		1C394A3327CC9A3200188D7A /* 30.m4a in Resources */ = {isa = PBXBuildFile; fileRef = 1C3949FC27CC9A3000188D7A /* 30.m4a */; };
		1C394A3427CC9A3200188D7A /* 9.m4a in Resources */ = {isa = PBXBuildFile; fileRef = 1C3949FD27CC9A3000188D7A /* 9.m4a */; };
		1C394A3527CC9A3200188D7A /* 35.m4a in Resources */ = {isa = PBXBuildFile; fileRef = 1C3949FE27CC9A3000188D7A /* 35.m4a */; };
		1C394A3627CC9A3200188D7A /* 47.m4a in Resources */ = {isa = PBXBuildFile; fileRef = 1C3949FF27CC9A3000188D7A /* 47.m4a */; };
		1C394A3727CC9A3200188D7A /* 38.m4a in Resources */ = {isa = PBXBuildFile; fileRef = 1C394A0027CC9A3000188D7A /* 38.m4a */; };
		1C394A3827CC9A3200188D7A /* 45.m4a in Resources */ = {isa = PBXBuildFile; fileRef = 1C394A0127CC9A3000188D7A /* 45.m4a */; };
		1C394A3927CC9A3200188D7A /* 36.m4a in Resources */ = {isa = PBXBuildFile; fileRef = 1C394A0227CC9A3000188D7A /* 36.m4a */; };
		1C394A3A27CC9A3200188D7A /* 52.m4a in Resources */ = {isa = PBXBuildFile; fileRef = 1C394A0327CC9A3000188D7A /* 52.m4a */; };
		1C394A3B27CC9A3200188D7A /* 28.m4a in Resources */ = {isa = PBXBuildFile; fileRef = 1C394A0427CC9A3000188D7A /* 28.m4a */; };
		1C394A3C27CC9A3200188D7A /* 39.m4a in Resources */ = {isa = PBXBuildFile; fileRef = 1C394A0527CC9A3100188D7A /* 39.m4a */; };
		1C394A3D27CC9A3200188D7A /* 11.m4a in Resources */ = {isa = PBXBuildFile; fileRef = 1C394A0627CC9A3100188D7A /* 11.m4a */; };
		1C394A3E27CC9A3200188D7A /* 0.m4a in Resources */ = {isa = PBXBuildFile; fileRef = 1C394A0727CC9A3100188D7A /* 0.m4a */; };
		1C394A3F27CC9A3200188D7A /* 1.m4a in Resources */ = {isa = PBXBuildFile; fileRef = 1C394A0827CC9A3100188D7A /* 1.m4a */; };
		1C394A4027CC9A3200188D7A /* 54.m4a in Resources */ = {isa = PBXBuildFile; fileRef = 1C394A0927CC9A3100188D7A /* 54.m4a */; };
		1C394A4127CC9A3200188D7A /* 10.m4a in Resources */ = {isa = PBXBuildFile; fileRef = 1C394A0A27CC9A3100188D7A /* 10.m4a */; };
		1C394A4227CC9A3200188D7A /* 25.m4a in Resources */ = {isa = PBXBuildFile; fileRef = 1C394A0B27CC9A3100188D7A /* 25.m4a */; };
		1C394A4327CC9A3200188D7A /* 48.m4a in Resources */ = {isa = PBXBuildFile; fileRef = 1C394A0C27CC9A3100188D7A /* 48.m4a */; };
		1C394A4427CC9A3200188D7A /* 33.m4a in Resources */ = {isa = PBXBuildFile; fileRef = 1C394A0D27CC9A3100188D7A /* 33.m4a */; };
		1C394A4527CC9A3200188D7A /* 44.m4a in Resources */ = {isa = PBXBuildFile; fileRef = 1C394A0E27CC9A3100188D7A /* 44.m4a */; };
		1C394A4627CC9A3200188D7A /* 2.m4a in Resources */ = {isa = PBXBuildFile; fileRef = 1C394A0F27CC9A3100188D7A /* 2.m4a */; };
		1C394A4727CC9A3200188D7A /* 37.m4a in Resources */ = {isa = PBXBuildFile; fileRef = 1C394A1027CC9A3100188D7A /* 37.m4a */; };
		1C394A4827CC9A3200188D7A /* 53.m4a in Resources */ = {isa = PBXBuildFile; fileRef = 1C394A1127CC9A3100188D7A /* 53.m4a */; };
		1C394A4927CC9A3200188D7A /* 19.m4a in Resources */ = {isa = PBXBuildFile; fileRef = 1C394A1227CC9A3100188D7A /* 19.m4a */; };
		1C394A4A27CC9A3200188D7A /* 5.m4a in Resources */ = {isa = PBXBuildFile; fileRef = 1C394A1327CC9A3100188D7A /* 5.m4a */; };
		1C394A4B27CC9A3200188D7A /* 17.m4a in Resources */ = {isa = PBXBuildFile; fileRef = 1C394A1427CC9A3100188D7A /* 17.m4a */; };
		1C394A4C27CC9A3200188D7A /* 8.m4a in Resources */ = {isa = PBXBuildFile; fileRef = 1C394A1527CC9A3100188D7A /* 8.m4a */; };
		1C394A4D27CC9A3200188D7A /* 31.m4a in Resources */ = {isa = PBXBuildFile; fileRef = 1C394A1627CC9A3100188D7A /* 31.m4a */; };
		1C394A4E27CC9A3200188D7A /* 7.m4a in Resources */ = {isa = PBXBuildFile; fileRef = 1C394A1727CC9A3100188D7A /* 7.m4a */; };
		1C394A4F27CC9A3200188D7A /* 3.m4a in Resources */ = {isa = PBXBuildFile; fileRef = 1C394A1827CC9A3100188D7A /* 3.m4a */; };
		1C394A5027CC9A3200188D7A /* 21.m4a in Resources */ = {isa = PBXBuildFile; fileRef = 1C394A1927CC9A3100188D7A /* 21.m4a */; };
		1C394A5127CC9A3200188D7A /* 16.m4a in Resources */ = {isa = PBXBuildFile; fileRef = 1C394A1A27CC9A3200188D7A /* 16.m4a */; };
		1C394A5227CC9A3200188D7A /* 41.m4a in Resources */ = {isa = PBXBuildFile; fileRef = 1C394A1B27CC9A3200188D7A /* 41.m4a */; };
		1C394A5327CC9A3200188D7A /* 14.m4a in Resources */ = {isa = PBXBuildFile; fileRef = 1C394A1C27CC9A3200188D7A /* 14.m4a */; };
		1C394A5427CC9A3200188D7A /* 40.m4a in Resources */ = {isa = PBXBuildFile; fileRef = 1C394A1D27CC9A3200188D7A /* 40.m4a */; };
		1C394A5527CC9A3200188D7A /* 24.m4a in Resources */ = {isa = PBXBuildFile; fileRef = 1C394A1E27CC9A3200188D7A /* 24.m4a */; };
		1C394A5627CC9A3200188D7A /* 51.m4a in Resources */ = {isa = PBXBuildFile; fileRef = 1C394A1F27CC9A3200188D7A /* 51.m4a */; };
		1C394A5727CC9A3200188D7A /* 23.m4a in Resources */ = {isa = PBXBuildFile; fileRef = 1C394A2027CC9A3200188D7A /* 23.m4a */; };
		1C394A5827CC9A3200188D7A /* 32.m4a in Resources */ = {isa = PBXBuildFile; fileRef = 1C394A2127CC9A3200188D7A /* 32.m4a */; };
		1C394A5C27CC9DE300188D7A /* elPescado.m4a in Resources */ = {isa = PBXBuildFile; fileRef = 1C394A5B27CC9DE300188D7A /* elPescado.m4a */; };
		5BF4C68D307A55C8146116D0 /* libPods-loteria.a in Frameworks */ = {isa = PBXBuildFile; fileRef = 81C1378C39B1BFE8E2DCEB0E /* libPods-loteria.a */; };
		81AB9BB82411601600AC10FF /* LaunchScreen.storyboard in Resources */ = {isa = PBXBuildFile; fileRef = 81AB9BB72411601600AC10FF /* LaunchScreen.storyboard */; };
		D624DE0B3E336A8B40601D35 /* libPods-loteria-loteriaTests.a in Frameworks */ = {isa = PBXBuildFile; fileRef = 02F7B9FFAD40665D14253660 /* libPods-loteria-loteriaTests.a */; };
/* End PBXBuildFile section */

/* Begin PBXContainerItemProxy section */
		00E356F41AD99517003FC87E /* PBXContainerItemProxy */ = {
			isa = PBXContainerItemProxy;
			containerPortal = 83CBB9F71A601CBA00E9B192 /* Project object */;
			proxyType = 1;
			remoteGlobalIDString = 13B07F861A680F5B00A75B9A;
			remoteInfo = loteria;
		};
/* End PBXContainerItemProxy section */

/* Begin PBXFileReference section */
		00E356EE1AD99517003FC87E /* loteriaTests.xctest */ = {isa = PBXFileReference; explicitFileType = wrapper.cfbundle; includeInIndex = 0; path = loteriaTests.xctest; sourceTree = BUILT_PRODUCTS_DIR; };
		00E356F11AD99517003FC87E /* Info.plist */ = {isa = PBXFileReference; lastKnownFileType = text.plist.xml; path = Info.plist; sourceTree = "<group>"; };
		00E356F21AD99517003FC87E /* loteriaTests.m */ = {isa = PBXFileReference; lastKnownFileType = sourcecode.c.objc; path = loteriaTests.m; sourceTree = "<group>"; };
		02F7B9FFAD40665D14253660 /* libPods-loteria-loteriaTests.a */ = {isa = PBXFileReference; explicitFileType = archive.ar; includeInIndex = 0; path = "libPods-loteria-loteriaTests.a"; sourceTree = BUILT_PRODUCTS_DIR; };
		038294E25C2DFA3B429EAFCB /* Pods-loteria-loteriaTests.debug.xcconfig */ = {isa = PBXFileReference; includeInIndex = 1; lastKnownFileType = text.xcconfig; name = "Pods-loteria-loteriaTests.debug.xcconfig"; path = "Target Support Files/Pods-loteria-loteriaTests/Pods-loteria-loteriaTests.debug.xcconfig"; sourceTree = "<group>"; };
		13B07F961A680F5B00A75B9A /* loteria.app */ = {isa = PBXFileReference; explicitFileType = wrapper.application; includeInIndex = 0; path = loteria.app; sourceTree = BUILT_PRODUCTS_DIR; };
		13B07FAF1A68108700A75B9A /* AppDelegate.h */ = {isa = PBXFileReference; fileEncoding = 4; lastKnownFileType = sourcecode.c.h; name = AppDelegate.h; path = loteria/AppDelegate.h; sourceTree = "<group>"; };
		13B07FB01A68108700A75B9A /* AppDelegate.m */ = {isa = PBXFileReference; fileEncoding = 4; lastKnownFileType = sourcecode.c.objc; name = AppDelegate.m; path = loteria/AppDelegate.m; sourceTree = "<group>"; };
		13B07FB51A68108700A75B9A /* Images.xcassets */ = {isa = PBXFileReference; lastKnownFileType = folder.assetcatalog; name = Images.xcassets; path = loteria/Images.xcassets; sourceTree = "<group>"; };
		13B07FB61A68108700A75B9A /* Info.plist */ = {isa = PBXFileReference; fileEncoding = 4; lastKnownFileType = text.plist.xml; name = Info.plist; path = loteria/Info.plist; sourceTree = "<group>"; };
		13B07FB71A68108700A75B9A /* main.m */ = {isa = PBXFileReference; fileEncoding = 4; lastKnownFileType = sourcecode.c.objc; name = main.m; path = loteria/main.m; sourceTree = "<group>"; };
		1C3949EB27CC9A2F00188D7A /* 43.m4a */ = {isa = PBXFileReference; lastKnownFileType = file; path = 43.m4a; sourceTree = "<group>"; };
		1C3949EC27CC9A2F00188D7A /* 20.m4a */ = {isa = PBXFileReference; lastKnownFileType = file; path = 20.m4a; sourceTree = "<group>"; };
		1C3949ED27CC9A2F00188D7A /* 15.m4a */ = {isa = PBXFileReference; lastKnownFileType = file; path = 15.m4a; sourceTree = "<group>"; };
		1C3949EE27CC9A2F00188D7A /* 12.m4a */ = {isa = PBXFileReference; lastKnownFileType = file; path = 12.m4a; sourceTree = "<group>"; };
		1C3949EF27CC9A2F00188D7A /* 46.m4a */ = {isa = PBXFileReference; lastKnownFileType = file; path = 46.m4a; sourceTree = "<group>"; };
		1C3949F027CC9A2F00188D7A /* 34.m4a */ = {isa = PBXFileReference; lastKnownFileType = file; path = 34.m4a; sourceTree = "<group>"; };
		1C3949F127CC9A2F00188D7A /* 50.m4a */ = {isa = PBXFileReference; lastKnownFileType = file; path = 50.m4a; sourceTree = "<group>"; };
		1C3949F227CC9A3000188D7A /* 26.m4a */ = {isa = PBXFileReference; lastKnownFileType = file; path = 26.m4a; sourceTree = "<group>"; };
		1C3949F327CC9A3000188D7A /* 27.m4a */ = {isa = PBXFileReference; lastKnownFileType = file; path = 27.m4a; sourceTree = "<group>"; };
		1C3949F427CC9A3000188D7A /* 42.m4a */ = {isa = PBXFileReference; lastKnownFileType = file; path = 42.m4a; sourceTree = "<group>"; };
		1C3949F527CC9A3000188D7A /* 49.m4a */ = {isa = PBXFileReference; lastKnownFileType = file; path = 49.m4a; sourceTree = "<group>"; };
		1C3949F627CC9A3000188D7A /* 29.m4a */ = {isa = PBXFileReference; lastKnownFileType = file; path = 29.m4a; sourceTree = "<group>"; };
		1C3949F727CC9A3000188D7A /* 18.m4a */ = {isa = PBXFileReference; lastKnownFileType = file; path = 18.m4a; sourceTree = "<group>"; };
		1C3949F827CC9A3000188D7A /* 22.m4a */ = {isa = PBXFileReference; lastKnownFileType = file; path = 22.m4a; sourceTree = "<group>"; };
		1C3949F927CC9A3000188D7A /* 4.m4a */ = {isa = PBXFileReference; lastKnownFileType = file; path = 4.m4a; sourceTree = "<group>"; };
		1C3949FA27CC9A3000188D7A /* 13.m4a */ = {isa = PBXFileReference; lastKnownFileType = file; path = 13.m4a; sourceTree = "<group>"; };
		1C3949FB27CC9A3000188D7A /* 6.m4a */ = {isa = PBXFileReference; lastKnownFileType = file; path = 6.m4a; sourceTree = "<group>"; };
		1C3949FC27CC9A3000188D7A /* 30.m4a */ = {isa = PBXFileReference; lastKnownFileType = file; path = 30.m4a; sourceTree = "<group>"; };
		1C3949FD27CC9A3000188D7A /* 9.m4a */ = {isa = PBXFileReference; lastKnownFileType = file; path = 9.m4a; sourceTree = "<group>"; };
		1C3949FE27CC9A3000188D7A /* 35.m4a */ = {isa = PBXFileReference; lastKnownFileType = file; path = 35.m4a; sourceTree = "<group>"; };
		1C3949FF27CC9A3000188D7A /* 47.m4a */ = {isa = PBXFileReference; lastKnownFileType = file; path = 47.m4a; sourceTree = "<group>"; };
		1C394A0027CC9A3000188D7A /* 38.m4a */ = {isa = PBXFileReference; lastKnownFileType = file; path = 38.m4a; sourceTree = "<group>"; };
		1C394A0127CC9A3000188D7A /* 45.m4a */ = {isa = PBXFileReference; lastKnownFileType = file; path = 45.m4a; sourceTree = "<group>"; };
		1C394A0227CC9A3000188D7A /* 36.m4a */ = {isa = PBXFileReference; lastKnownFileType = file; path = 36.m4a; sourceTree = "<group>"; };
		1C394A0327CC9A3000188D7A /* 52.m4a */ = {isa = PBXFileReference; lastKnownFileType = file; path = 52.m4a; sourceTree = "<group>"; };
		1C394A0427CC9A3000188D7A /* 28.m4a */ = {isa = PBXFileReference; lastKnownFileType = file; path = 28.m4a; sourceTree = "<group>"; };
		1C394A0527CC9A3100188D7A /* 39.m4a */ = {isa = PBXFileReference; lastKnownFileType = file; path = 39.m4a; sourceTree = "<group>"; };
		1C394A0627CC9A3100188D7A /* 11.m4a */ = {isa = PBXFileReference; lastKnownFileType = file; path = 11.m4a; sourceTree = "<group>"; };
		1C394A0727CC9A3100188D7A /* 0.m4a */ = {isa = PBXFileReference; lastKnownFileType = file; path = 0.m4a; sourceTree = "<group>"; };
		1C394A0827CC9A3100188D7A /* 1.m4a */ = {isa = PBXFileReference; lastKnownFileType = file; path = 1.m4a; sourceTree = "<group>"; };
		1C394A0927CC9A3100188D7A /* 54.m4a */ = {isa = PBXFileReference; lastKnownFileType = file; path = 54.m4a; sourceTree = "<group>"; };
		1C394A0A27CC9A3100188D7A /* 10.m4a */ = {isa = PBXFileReference; lastKnownFileType = file; path = 10.m4a; sourceTree = "<group>"; };
		1C394A0B27CC9A3100188D7A /* 25.m4a */ = {isa = PBXFileReference; lastKnownFileType = file; path = 25.m4a; sourceTree = "<group>"; };
		1C394A0C27CC9A3100188D7A /* 48.m4a */ = {isa = PBXFileReference; lastKnownFileType = file; path = 48.m4a; sourceTree = "<group>"; };
		1C394A0D27CC9A3100188D7A /* 33.m4a */ = {isa = PBXFileReference; lastKnownFileType = file; path = 33.m4a; sourceTree = "<group>"; };
		1C394A0E27CC9A3100188D7A /* 44.m4a */ = {isa = PBXFileReference; lastKnownFileType = file; path = 44.m4a; sourceTree = "<group>"; };
		1C394A0F27CC9A3100188D7A /* 2.m4a */ = {isa = PBXFileReference; lastKnownFileType = file; path = 2.m4a; sourceTree = "<group>"; };
		1C394A1027CC9A3100188D7A /* 37.m4a */ = {isa = PBXFileReference; lastKnownFileType = file; path = 37.m4a; sourceTree = "<group>"; };
		1C394A1127CC9A3100188D7A /* 53.m4a */ = {isa = PBXFileReference; lastKnownFileType = file; path = 53.m4a; sourceTree = "<group>"; };
		1C394A1227CC9A3100188D7A /* 19.m4a */ = {isa = PBXFileReference; lastKnownFileType = file; path = 19.m4a; sourceTree = "<group>"; };
		1C394A1327CC9A3100188D7A /* 5.m4a */ = {isa = PBXFileReference; lastKnownFileType = file; path = 5.m4a; sourceTree = "<group>"; };
		1C394A1427CC9A3100188D7A /* 17.m4a */ = {isa = PBXFileReference; lastKnownFileType = file; path = 17.m4a; sourceTree = "<group>"; };
		1C394A1527CC9A3100188D7A /* 8.m4a */ = {isa = PBXFileReference; lastKnownFileType = file; path = 8.m4a; sourceTree = "<group>"; };
		1C394A1627CC9A3100188D7A /* 31.m4a */ = {isa = PBXFileReference; lastKnownFileType = file; path = 31.m4a; sourceTree = "<group>"; };
		1C394A1727CC9A3100188D7A /* 7.m4a */ = {isa = PBXFileReference; lastKnownFileType = file; path = 7.m4a; sourceTree = "<group>"; };
		1C394A1827CC9A3100188D7A /* 3.m4a */ = {isa = PBXFileReference; lastKnownFileType = file; path = 3.m4a; sourceTree = "<group>"; };
		1C394A1927CC9A3100188D7A /* 21.m4a */ = {isa = PBXFileReference; lastKnownFileType = file; path = 21.m4a; sourceTree = "<group>"; };
		1C394A1A27CC9A3200188D7A /* 16.m4a */ = {isa = PBXFileReference; lastKnownFileType = file; path = 16.m4a; sourceTree = "<group>"; };
		1C394A1B27CC9A3200188D7A /* 41.m4a */ = {isa = PBXFileReference; lastKnownFileType = file; path = 41.m4a; sourceTree = "<group>"; };
		1C394A1C27CC9A3200188D7A /* 14.m4a */ = {isa = PBXFileReference; lastKnownFileType = file; path = 14.m4a; sourceTree = "<group>"; };
		1C394A1D27CC9A3200188D7A /* 40.m4a */ = {isa = PBXFileReference; lastKnownFileType = file; path = 40.m4a; sourceTree = "<group>"; };
		1C394A1E27CC9A3200188D7A /* 24.m4a */ = {isa = PBXFileReference; lastKnownFileType = file; path = 24.m4a; sourceTree = "<group>"; };
		1C394A1F27CC9A3200188D7A /* 51.m4a */ = {isa = PBXFileReference; lastKnownFileType = file; path = 51.m4a; sourceTree = "<group>"; };
		1C394A2027CC9A3200188D7A /* 23.m4a */ = {isa = PBXFileReference; lastKnownFileType = file; path = 23.m4a; sourceTree = "<group>"; };
		1C394A2127CC9A3200188D7A /* 32.m4a */ = {isa = PBXFileReference; lastKnownFileType = file; path = 32.m4a; sourceTree = "<group>"; };
		1C394A5B27CC9DE300188D7A /* elPescado.m4a */ = {isa = PBXFileReference; lastKnownFileType = file; path = elPescado.m4a; sourceTree = "<group>"; };
		6A2683D10F079A1B4C870741 /* Pods-loteria.release.xcconfig */ = {isa = PBXFileReference; includeInIndex = 1; lastKnownFileType = text.xcconfig; name = "Pods-loteria.release.xcconfig"; path = "Target Support Files/Pods-loteria/Pods-loteria.release.xcconfig"; sourceTree = "<group>"; };
		81AB9BB72411601600AC10FF /* LaunchScreen.storyboard */ = {isa = PBXFileReference; fileEncoding = 4; lastKnownFileType = file.storyboard; name = LaunchScreen.storyboard; path = loteria/LaunchScreen.storyboard; sourceTree = "<group>"; };
		81C1378C39B1BFE8E2DCEB0E /* libPods-loteria.a */ = {isa = PBXFileReference; explicitFileType = archive.ar; includeInIndex = 0; path = "libPods-loteria.a"; sourceTree = BUILT_PRODUCTS_DIR; };
		82796F3AF1E67A45BD59BD2B /* Pods-loteria.debug.xcconfig */ = {isa = PBXFileReference; includeInIndex = 1; lastKnownFileType = text.xcconfig; name = "Pods-loteria.debug.xcconfig"; path = "Target Support Files/Pods-loteria/Pods-loteria.debug.xcconfig"; sourceTree = "<group>"; };
		DE7007CED0A1A9DBE79AC90F /* Pods-loteria-loteriaTests.release.xcconfig */ = {isa = PBXFileReference; includeInIndex = 1; lastKnownFileType = text.xcconfig; name = "Pods-loteria-loteriaTests.release.xcconfig"; path = "Target Support Files/Pods-loteria-loteriaTests/Pods-loteria-loteriaTests.release.xcconfig"; sourceTree = "<group>"; };
		ED297162215061F000B7C4FE /* JavaScriptCore.framework */ = {isa = PBXFileReference; lastKnownFileType = wrapper.framework; name = JavaScriptCore.framework; path = System/Library/Frameworks/JavaScriptCore.framework; sourceTree = SDKROOT; };
/* End PBXFileReference section */

/* Begin PBXFrameworksBuildPhase section */
		00E356EB1AD99517003FC87E /* Frameworks */ = {
			isa = PBXFrameworksBuildPhase;
			buildActionMask = 2147483647;
			files = (
				D624DE0B3E336A8B40601D35 /* libPods-loteria-loteriaTests.a in Frameworks */,
			);
			runOnlyForDeploymentPostprocessing = 0;
		};
		13B07F8C1A680F5B00A75B9A /* Frameworks */ = {
			isa = PBXFrameworksBuildPhase;
			buildActionMask = 2147483647;
			files = (
				5BF4C68D307A55C8146116D0 /* libPods-loteria.a in Frameworks */,
			);
			runOnlyForDeploymentPostprocessing = 0;
		};
/* End PBXFrameworksBuildPhase section */

/* Begin PBXGroup section */
		00E356EF1AD99517003FC87E /* loteriaTests */ = {
			isa = PBXGroup;
			children = (
				00E356F21AD99517003FC87E /* loteriaTests.m */,
				00E356F01AD99517003FC87E /* Supporting Files */,
			);
			path = loteriaTests;
			sourceTree = "<group>";
		};
		00E356F01AD99517003FC87E /* Supporting Files */ = {
			isa = PBXGroup;
			children = (
				00E356F11AD99517003FC87E /* Info.plist */,
			);
			name = "Supporting Files";
			sourceTree = "<group>";
		};
		13B07FAE1A68108700A75B9A /* loteria */ = {
			isa = PBXGroup;
			children = (
				13B07FAF1A68108700A75B9A /* AppDelegate.h */,
				13B07FB01A68108700A75B9A /* AppDelegate.m */,
				13B07FB51A68108700A75B9A /* Images.xcassets */,
				13B07FB61A68108700A75B9A /* Info.plist */,
				81AB9BB72411601600AC10FF /* LaunchScreen.storyboard */,
				13B07FB71A68108700A75B9A /* main.m */,
			);
			name = loteria;
			sourceTree = "<group>";
		};
		2D16E6871FA4F8E400B85C8A /* Frameworks */ = {
			isa = PBXGroup;
			children = (
				ED297162215061F000B7C4FE /* JavaScriptCore.framework */,
				81C1378C39B1BFE8E2DCEB0E /* libPods-loteria.a */,
				02F7B9FFAD40665D14253660 /* libPods-loteria-loteriaTests.a */,
			);
			name = Frameworks;
			sourceTree = "<group>";
		};
		43144C02900A9F99661C10A0 /* Pods */ = {
			isa = PBXGroup;
			children = (
				82796F3AF1E67A45BD59BD2B /* Pods-loteria.debug.xcconfig */,
				6A2683D10F079A1B4C870741 /* Pods-loteria.release.xcconfig */,
				038294E25C2DFA3B429EAFCB /* Pods-loteria-loteriaTests.debug.xcconfig */,
				DE7007CED0A1A9DBE79AC90F /* Pods-loteria-loteriaTests.release.xcconfig */,
			);
			path = Pods;
			sourceTree = "<group>";
		};
		832341AE1AAA6A7D00B99B32 /* Libraries */ = {
			isa = PBXGroup;
			children = (
			);
			name = Libraries;
			sourceTree = "<group>";
		};
		83CBB9F61A601CBA00E9B192 = {
			isa = PBXGroup;
			children = (
				1C394A5B27CC9DE300188D7A /* elPescado.m4a */,
				1C394A0727CC9A3100188D7A /* 0.m4a */,
				1C394A0827CC9A3100188D7A /* 1.m4a */,
				1C394A0F27CC9A3100188D7A /* 2.m4a */,
				1C394A1827CC9A3100188D7A /* 3.m4a */,
				1C3949F927CC9A3000188D7A /* 4.m4a */,
				1C394A1327CC9A3100188D7A /* 5.m4a */,
				1C3949FB27CC9A3000188D7A /* 6.m4a */,
				1C394A1727CC9A3100188D7A /* 7.m4a */,
				1C394A1527CC9A3100188D7A /* 8.m4a */,
				1C3949FD27CC9A3000188D7A /* 9.m4a */,
				1C394A0A27CC9A3100188D7A /* 10.m4a */,
				1C394A0627CC9A3100188D7A /* 11.m4a */,
				1C3949EE27CC9A2F00188D7A /* 12.m4a */,
				1C3949FA27CC9A3000188D7A /* 13.m4a */,
				1C394A1C27CC9A3200188D7A /* 14.m4a */,
				1C3949ED27CC9A2F00188D7A /* 15.m4a */,
				1C394A1A27CC9A3200188D7A /* 16.m4a */,
				1C394A1427CC9A3100188D7A /* 17.m4a */,
				1C3949F727CC9A3000188D7A /* 18.m4a */,
				1C394A1227CC9A3100188D7A /* 19.m4a */,
				1C3949EC27CC9A2F00188D7A /* 20.m4a */,
				1C394A1927CC9A3100188D7A /* 21.m4a */,
				1C3949F827CC9A3000188D7A /* 22.m4a */,
				1C394A2027CC9A3200188D7A /* 23.m4a */,
				1C394A1E27CC9A3200188D7A /* 24.m4a */,
				1C394A0B27CC9A3100188D7A /* 25.m4a */,
				1C3949F227CC9A3000188D7A /* 26.m4a */,
				1C3949F327CC9A3000188D7A /* 27.m4a */,
				1C394A0427CC9A3000188D7A /* 28.m4a */,
				1C3949F627CC9A3000188D7A /* 29.m4a */,
				1C3949FC27CC9A3000188D7A /* 30.m4a */,
				1C394A1627CC9A3100188D7A /* 31.m4a */,
				1C394A2127CC9A3200188D7A /* 32.m4a */,
				1C394A0D27CC9A3100188D7A /* 33.m4a */,
				1C3949F027CC9A2F00188D7A /* 34.m4a */,
				1C3949FE27CC9A3000188D7A /* 35.m4a */,
				1C394A0227CC9A3000188D7A /* 36.m4a */,
				1C394A1027CC9A3100188D7A /* 37.m4a */,
				1C394A0027CC9A3000188D7A /* 38.m4a */,
				1C394A0527CC9A3100188D7A /* 39.m4a */,
				1C394A1D27CC9A3200188D7A /* 40.m4a */,
				1C394A1B27CC9A3200188D7A /* 41.m4a */,
				1C3949F427CC9A3000188D7A /* 42.m4a */,
				1C3949EB27CC9A2F00188D7A /* 43.m4a */,
				1C394A0E27CC9A3100188D7A /* 44.m4a */,
				1C394A0127CC9A3000188D7A /* 45.m4a */,
				1C3949EF27CC9A2F00188D7A /* 46.m4a */,
				1C3949FF27CC9A3000188D7A /* 47.m4a */,
				1C394A0C27CC9A3100188D7A /* 48.m4a */,
				1C3949F527CC9A3000188D7A /* 49.m4a */,
				1C3949F127CC9A2F00188D7A /* 50.m4a */,
				1C394A1F27CC9A3200188D7A /* 51.m4a */,
				1C394A0327CC9A3000188D7A /* 52.m4a */,
				1C394A1127CC9A3100188D7A /* 53.m4a */,
				1C394A0927CC9A3100188D7A /* 54.m4a */,
				13B07FAE1A68108700A75B9A /* loteria */,
				832341AE1AAA6A7D00B99B32 /* Libraries */,
				00E356EF1AD99517003FC87E /* loteriaTests */,
				83CBBA001A601CBA00E9B192 /* Products */,
				2D16E6871FA4F8E400B85C8A /* Frameworks */,
				43144C02900A9F99661C10A0 /* Pods */,
			);
			indentWidth = 2;
			sourceTree = "<group>";
			tabWidth = 2;
			usesTabs = 0;
		};
		83CBBA001A601CBA00E9B192 /* Products */ = {
			isa = PBXGroup;
			children = (
				13B07F961A680F5B00A75B9A /* loteria.app */,
				00E356EE1AD99517003FC87E /* loteriaTests.xctest */,
			);
			name = Products;
			sourceTree = "<group>";
		};
/* End PBXGroup section */

/* Begin PBXNativeTarget section */
		00E356ED1AD99517003FC87E /* loteriaTests */ = {
			isa = PBXNativeTarget;
			buildConfigurationList = 00E357021AD99517003FC87E /* Build configuration list for PBXNativeTarget "loteriaTests" */;
			buildPhases = (
				406350BE61862F9E04659153 /* [CP] Check Pods Manifest.lock */,
				00E356EA1AD99517003FC87E /* Sources */,
				00E356EB1AD99517003FC87E /* Frameworks */,
				00E356EC1AD99517003FC87E /* Resources */,
				419CA385C1A40CDDDBC9F01C /* [CP] Embed Pods Frameworks */,
				7B61A5B7F4AD2E7E893CB7B6 /* [CP] Copy Pods Resources */,
			);
			buildRules = (
			);
			dependencies = (
				00E356F51AD99517003FC87E /* PBXTargetDependency */,
			);
			name = loteriaTests;
			productName = loteriaTests;
			productReference = 00E356EE1AD99517003FC87E /* loteriaTests.xctest */;
			productType = "com.apple.product-type.bundle.unit-test";
		};
		13B07F861A680F5B00A75B9A /* loteria */ = {
			isa = PBXNativeTarget;
			buildConfigurationList = 13B07F931A680F5B00A75B9A /* Build configuration list for PBXNativeTarget "loteria" */;
			buildPhases = (
				554E5568DE97B7C38D53843E /* [CP] Check Pods Manifest.lock */,
				FD10A7F022414F080027D42C /* Start Packager */,
				13B07F871A680F5B00A75B9A /* Sources */,
				13B07F8C1A680F5B00A75B9A /* Frameworks */,
				13B07F8E1A680F5B00A75B9A /* Resources */,
				00DD1BFF1BD5951E006B06BC /* Bundle React Native code and images */,
				A56DCD459C6E3216B381C64E /* [CP] Embed Pods Frameworks */,
				420DACAE3711AF7682F8598A /* [CP] Copy Pods Resources */,
			);
			buildRules = (
			);
			dependencies = (
			);
			name = loteria;
			productName = loteria;
			productReference = 13B07F961A680F5B00A75B9A /* loteria.app */;
			productType = "com.apple.product-type.application";
		};
/* End PBXNativeTarget section */

/* Begin PBXProject section */
		83CBB9F71A601CBA00E9B192 /* Project object */ = {
			isa = PBXProject;
			attributes = {
				LastUpgradeCheck = 1210;
				TargetAttributes = {
					00E356ED1AD99517003FC87E = {
						CreatedOnToolsVersion = 6.2;
						TestTargetID = 13B07F861A680F5B00A75B9A;
					};
					13B07F861A680F5B00A75B9A = {
						LastSwiftMigration = 1120;
					};
				};
			};
			buildConfigurationList = 83CBB9FA1A601CBA00E9B192 /* Build configuration list for PBXProject "loteria" */;
			compatibilityVersion = "Xcode 12.0";
			developmentRegion = en;
			hasScannedForEncodings = 0;
			knownRegions = (
				en,
				Base,
			);
			mainGroup = 83CBB9F61A601CBA00E9B192;
			productRefGroup = 83CBBA001A601CBA00E9B192 /* Products */;
			projectDirPath = "";
			projectRoot = "";
			targets = (
				13B07F861A680F5B00A75B9A /* loteria */,
				00E356ED1AD99517003FC87E /* loteriaTests */,
			);
		};
/* End PBXProject section */

/* Begin PBXResourcesBuildPhase section */
		00E356EC1AD99517003FC87E /* Resources */ = {
			isa = PBXResourcesBuildPhase;
			buildActionMask = 2147483647;
			files = (
			);
			runOnlyForDeploymentPostprocessing = 0;
		};
		13B07F8E1A680F5B00A75B9A /* Resources */ = {
			isa = PBXResourcesBuildPhase;
			buildActionMask = 2147483647;
			files = (
				1C394A4727CC9A3200188D7A /* 37.m4a in Resources */,
				1C394A3D27CC9A3200188D7A /* 11.m4a in Resources */,
				1C394A2C27CC9A3200188D7A /* 49.m4a in Resources */,
				1C394A4C27CC9A3200188D7A /* 8.m4a in Resources */,
				1C394A3727CC9A3200188D7A /* 38.m4a in Resources */,
				1C394A5127CC9A3200188D7A /* 16.m4a in Resources */,
				1C394A2D27CC9A3200188D7A /* 29.m4a in Resources */,
				1C394A4A27CC9A3200188D7A /* 5.m4a in Resources */,
				1C394A4427CC9A3200188D7A /* 33.m4a in Resources */,
				1C394A3027CC9A3200188D7A /* 4.m4a in Resources */,
				1C394A3B27CC9A3200188D7A /* 28.m4a in Resources */,
				1C394A3F27CC9A3200188D7A /* 1.m4a in Resources */,
				1C394A2927CC9A3200188D7A /* 26.m4a in Resources */,
				1C394A3827CC9A3200188D7A /* 45.m4a in Resources */,
				1C394A3A27CC9A3200188D7A /* 52.m4a in Resources */,
				1C394A2427CC9A3200188D7A /* 15.m4a in Resources */,
				1C394A4627CC9A3200188D7A /* 2.m4a in Resources */,
				1C394A3327CC9A3200188D7A /* 30.m4a in Resources */,
				1C394A3C27CC9A3200188D7A /* 39.m4a in Resources */,
				1C394A5727CC9A3200188D7A /* 23.m4a in Resources */,
				1C394A4927CC9A3200188D7A /* 19.m4a in Resources */,
				1C394A4527CC9A3200188D7A /* 44.m4a in Resources */,
				1C394A2627CC9A3200188D7A /* 46.m4a in Resources */,
				1C394A4327CC9A3200188D7A /* 48.m4a in Resources */,
				1C394A5427CC9A3200188D7A /* 40.m4a in Resources */,
				1C394A2E27CC9A3200188D7A /* 18.m4a in Resources */,
				1C394A4127CC9A3200188D7A /* 10.m4a in Resources */,
				1C394A4F27CC9A3200188D7A /* 3.m4a in Resources */,
				1C394A5027CC9A3200188D7A /* 21.m4a in Resources */,
				1C394A4E27CC9A3200188D7A /* 7.m4a in Resources */,
				1C394A3527CC9A3200188D7A /* 35.m4a in Resources */,
				1C394A2A27CC9A3200188D7A /* 27.m4a in Resources */,
				1C394A3427CC9A3200188D7A /* 9.m4a in Resources */,
				1C394A4B27CC9A3200188D7A /* 17.m4a in Resources */,
				1C394A3927CC9A3200188D7A /* 36.m4a in Resources */,
				1C394A4227CC9A3200188D7A /* 25.m4a in Resources */,
				1C394A2327CC9A3200188D7A /* 20.m4a in Resources */,
				81AB9BB82411601600AC10FF /* LaunchScreen.storyboard in Resources */,
				1C394A5227CC9A3200188D7A /* 41.m4a in Resources */,
				1C394A2227CC9A3200188D7A /* 43.m4a in Resources */,
				1C394A2F27CC9A3200188D7A /* 22.m4a in Resources */,
				1C394A5627CC9A3200188D7A /* 51.m4a in Resources */,
				1C394A5327CC9A3200188D7A /* 14.m4a in Resources */,
				1C394A2727CC9A3200188D7A /* 34.m4a in Resources */,
				1C394A3627CC9A3200188D7A /* 47.m4a in Resources */,
				1C394A3227CC9A3200188D7A /* 6.m4a in Resources */,
				1C394A5827CC9A3200188D7A /* 32.m4a in Resources */,
				1C394A5C27CC9DE300188D7A /* elPescado.m4a in Resources */,
				1C394A2B27CC9A3200188D7A /* 42.m4a in Resources */,
				13B07FBF1A68108700A75B9A /* Images.xcassets in Resources */,
				1C394A5527CC9A3200188D7A /* 24.m4a in Resources */,
				1C394A2527CC9A3200188D7A /* 12.m4a in Resources */,
				1C394A3127CC9A3200188D7A /* 13.m4a in Resources */,
				1C394A4827CC9A3200188D7A /* 53.m4a in Resources */,
				1C394A3E27CC9A3200188D7A /* 0.m4a in Resources */,
				1C394A4027CC9A3200188D7A /* 54.m4a in Resources */,
				1C394A4D27CC9A3200188D7A /* 31.m4a in Resources */,
				1C394A2827CC9A3200188D7A /* 50.m4a in Resources */,
			);
			runOnlyForDeploymentPostprocessing = 0;
		};
/* End PBXResourcesBuildPhase section */

/* Begin PBXShellScriptBuildPhase section */
		00DD1BFF1BD5951E006B06BC /* Bundle React Native code and images */ = {
			isa = PBXShellScriptBuildPhase;
			buildActionMask = 2147483647;
			files = (
			);
			inputPaths = (
			);
			name = "Bundle React Native code and images";
			outputPaths = (
			);
			runOnlyForDeploymentPostprocessing = 0;
			shellPath = /bin/sh;
			shellScript = "set -e\n\nexport NODE_BINARY=node\n../node_modules/react-native/scripts/react-native-xcode.sh\n";
		};
		406350BE61862F9E04659153 /* [CP] Check Pods Manifest.lock */ = {
			isa = PBXShellScriptBuildPhase;
			buildActionMask = 2147483647;
			files = (
			);
			inputFileListPaths = (
			);
			inputPaths = (
				"${PODS_PODFILE_DIR_PATH}/Podfile.lock",
				"${PODS_ROOT}/Manifest.lock",
			);
			name = "[CP] Check Pods Manifest.lock";
			outputFileListPaths = (
			);
			outputPaths = (
				"$(DERIVED_FILE_DIR)/Pods-loteria-loteriaTests-checkManifestLockResult.txt",
			);
			runOnlyForDeploymentPostprocessing = 0;
			shellPath = /bin/sh;
			shellScript = "diff \"${PODS_PODFILE_DIR_PATH}/Podfile.lock\" \"${PODS_ROOT}/Manifest.lock\" > /dev/null\nif [ $? != 0 ] ; then\n    # print error to STDERR\n    echo \"error: The sandbox is not in sync with the Podfile.lock. Run 'pod install' or update your CocoaPods installation.\" >&2\n    exit 1\nfi\n# This output is used by Xcode 'outputs' to avoid re-running this script phase.\necho \"SUCCESS\" > \"${SCRIPT_OUTPUT_FILE_0}\"\n";
			showEnvVarsInLog = 0;
		};
		419CA385C1A40CDDDBC9F01C /* [CP] Embed Pods Frameworks */ = {
			isa = PBXShellScriptBuildPhase;
			buildActionMask = 2147483647;
			files = (
			);
			inputFileListPaths = (
				"${PODS_ROOT}/Target Support Files/Pods-loteria-loteriaTests/Pods-loteria-loteriaTests-frameworks-${CONFIGURATION}-input-files.xcfilelist",
			);
			name = "[CP] Embed Pods Frameworks";
			outputFileListPaths = (
				"${PODS_ROOT}/Target Support Files/Pods-loteria-loteriaTests/Pods-loteria-loteriaTests-frameworks-${CONFIGURATION}-output-files.xcfilelist",
			);
			runOnlyForDeploymentPostprocessing = 0;
			shellPath = /bin/sh;
			shellScript = "\"${PODS_ROOT}/Target Support Files/Pods-loteria-loteriaTests/Pods-loteria-loteriaTests-frameworks.sh\"\n";
			showEnvVarsInLog = 0;
		};
		420DACAE3711AF7682F8598A /* [CP] Copy Pods Resources */ = {
			isa = PBXShellScriptBuildPhase;
			buildActionMask = 2147483647;
			files = (
			);
			inputFileListPaths = (
				"${PODS_ROOT}/Target Support Files/Pods-loteria/Pods-loteria-resources-${CONFIGURATION}-input-files.xcfilelist",
			);
			name = "[CP] Copy Pods Resources";
			outputFileListPaths = (
				"${PODS_ROOT}/Target Support Files/Pods-loteria/Pods-loteria-resources-${CONFIGURATION}-output-files.xcfilelist",
			);
			runOnlyForDeploymentPostprocessing = 0;
			shellPath = /bin/sh;
			shellScript = "\"${PODS_ROOT}/Target Support Files/Pods-loteria/Pods-loteria-resources.sh\"\n";
			showEnvVarsInLog = 0;
		};
		554E5568DE97B7C38D53843E /* [CP] Check Pods Manifest.lock */ = {
			isa = PBXShellScriptBuildPhase;
			buildActionMask = 2147483647;
			files = (
			);
			inputFileListPaths = (
			);
			inputPaths = (
				"${PODS_PODFILE_DIR_PATH}/Podfile.lock",
				"${PODS_ROOT}/Manifest.lock",
			);
			name = "[CP] Check Pods Manifest.lock";
			outputFileListPaths = (
			);
			outputPaths = (
				"$(DERIVED_FILE_DIR)/Pods-loteria-checkManifestLockResult.txt",
			);
			runOnlyForDeploymentPostprocessing = 0;
			shellPath = /bin/sh;
			shellScript = "diff \"${PODS_PODFILE_DIR_PATH}/Podfile.lock\" \"${PODS_ROOT}/Manifest.lock\" > /dev/null\nif [ $? != 0 ] ; then\n    # print error to STDERR\n    echo \"error: The sandbox is not in sync with the Podfile.lock. Run 'pod install' or update your CocoaPods installation.\" >&2\n    exit 1\nfi\n# This output is used by Xcode 'outputs' to avoid re-running this script phase.\necho \"SUCCESS\" > \"${SCRIPT_OUTPUT_FILE_0}\"\n";
			showEnvVarsInLog = 0;
		};
		7B61A5B7F4AD2E7E893CB7B6 /* [CP] Copy Pods Resources */ = {
			isa = PBXShellScriptBuildPhase;
			buildActionMask = 2147483647;
			files = (
			);
			inputFileListPaths = (
				"${PODS_ROOT}/Target Support Files/Pods-loteria-loteriaTests/Pods-loteria-loteriaTests-resources-${CONFIGURATION}-input-files.xcfilelist",
			);
			name = "[CP] Copy Pods Resources";
			outputFileListPaths = (
				"${PODS_ROOT}/Target Support Files/Pods-loteria-loteriaTests/Pods-loteria-loteriaTests-resources-${CONFIGURATION}-output-files.xcfilelist",
			);
			runOnlyForDeploymentPostprocessing = 0;
			shellPath = /bin/sh;
			shellScript = "\"${PODS_ROOT}/Target Support Files/Pods-loteria-loteriaTests/Pods-loteria-loteriaTests-resources.sh\"\n";
			showEnvVarsInLog = 0;
		};
		A56DCD459C6E3216B381C64E /* [CP] Embed Pods Frameworks */ = {
			isa = PBXShellScriptBuildPhase;
			buildActionMask = 2147483647;
			files = (
			);
			inputFileListPaths = (
				"${PODS_ROOT}/Target Support Files/Pods-loteria/Pods-loteria-frameworks-${CONFIGURATION}-input-files.xcfilelist",
			);
			name = "[CP] Embed Pods Frameworks";
			outputFileListPaths = (
				"${PODS_ROOT}/Target Support Files/Pods-loteria/Pods-loteria-frameworks-${CONFIGURATION}-output-files.xcfilelist",
			);
			runOnlyForDeploymentPostprocessing = 0;
			shellPath = /bin/sh;
			shellScript = "\"${PODS_ROOT}/Target Support Files/Pods-loteria/Pods-loteria-frameworks.sh\"\n";
			showEnvVarsInLog = 0;
		};
		FD10A7F022414F080027D42C /* Start Packager */ = {
			isa = PBXShellScriptBuildPhase;
			buildActionMask = 2147483647;
			files = (
			);
			inputFileListPaths = (
			);
			inputPaths = (
			);
			name = "Start Packager";
			outputFileListPaths = (
			);
			outputPaths = (
			);
			runOnlyForDeploymentPostprocessing = 0;
			shellPath = /bin/sh;
			shellScript = "export RCT_METRO_PORT=\"${RCT_METRO_PORT:=8081}\"\necho \"export RCT_METRO_PORT=${RCT_METRO_PORT}\" > \"${SRCROOT}/../node_modules/react-native/scripts/.packager.env\"\nif [ -z \"${RCT_NO_LAUNCH_PACKAGER+xxx}\" ] ; then\n  if nc -w 5 -z localhost ${RCT_METRO_PORT} ; then\n    if ! curl -s \"http://localhost:${RCT_METRO_PORT}/status\" | grep -q \"packager-status:running\" ; then\n      echo \"Port ${RCT_METRO_PORT} already in use, packager is either not running or not running correctly\"\n      exit 2\n    fi\n  else\n    open \"$SRCROOT/../node_modules/react-native/scripts/launchPackager.command\" || echo \"Can't start packager automatically\"\n  fi\nfi\n";
			showEnvVarsInLog = 0;
		};
/* End PBXShellScriptBuildPhase section */

/* Begin PBXSourcesBuildPhase section */
		00E356EA1AD99517003FC87E /* Sources */ = {
			isa = PBXSourcesBuildPhase;
			buildActionMask = 2147483647;
			files = (
				00E356F31AD99517003FC87E /* loteriaTests.m in Sources */,
			);
			runOnlyForDeploymentPostprocessing = 0;
		};
		13B07F871A680F5B00A75B9A /* Sources */ = {
			isa = PBXSourcesBuildPhase;
			buildActionMask = 2147483647;
			files = (
				13B07FBC1A68108700A75B9A /* AppDelegate.m in Sources */,
				13B07FC11A68108700A75B9A /* main.m in Sources */,
			);
			runOnlyForDeploymentPostprocessing = 0;
		};
/* End PBXSourcesBuildPhase section */

/* Begin PBXTargetDependency section */
		00E356F51AD99517003FC87E /* PBXTargetDependency */ = {
			isa = PBXTargetDependency;
			target = 13B07F861A680F5B00A75B9A /* loteria */;
			targetProxy = 00E356F41AD99517003FC87E /* PBXContainerItemProxy */;
		};
/* End PBXTargetDependency section */

/* Begin XCBuildConfiguration section */
		00E356F61AD99517003FC87E /* Debug */ = {
			isa = XCBuildConfiguration;
			baseConfigurationReference = 038294E25C2DFA3B429EAFCB /* Pods-loteria-loteriaTests.debug.xcconfig */;
			buildSettings = {
				BUNDLE_LOADER = "$(TEST_HOST)";
				GCC_PREPROCESSOR_DEFINITIONS = (
					"DEBUG=1",
					"$(inherited)",
				);
				INFOPLIST_FILE = loteriaTests/Info.plist;
				IPHONEOS_DEPLOYMENT_TARGET = 11.0;
				LD_RUNPATH_SEARCH_PATHS = (
					"$(inherited)",
					"@executable_path/Frameworks",
					"@loader_path/Frameworks",
				);
				OTHER_LDFLAGS = (
					"-ObjC",
					"-lc++",
					"$(inherited)",
				);
				PRODUCT_BUNDLE_IDENTIFIER = "org.reactjs.native.example.$(PRODUCT_NAME:rfc1034identifier)";
				PRODUCT_NAME = "$(TARGET_NAME)";
				TEST_HOST = "$(BUILT_PRODUCTS_DIR)/loteria.app/loteria";
			};
			name = Debug;
		};
		00E356F71AD99517003FC87E /* Release */ = {
			isa = XCBuildConfiguration;
			baseConfigurationReference = DE7007CED0A1A9DBE79AC90F /* Pods-loteria-loteriaTests.release.xcconfig */;
			buildSettings = {
				BUNDLE_LOADER = "$(TEST_HOST)";
				COPY_PHASE_STRIP = NO;
				INFOPLIST_FILE = loteriaTests/Info.plist;
				IPHONEOS_DEPLOYMENT_TARGET = 11.0;
				LD_RUNPATH_SEARCH_PATHS = (
					"$(inherited)",
					"@executable_path/Frameworks",
					"@loader_path/Frameworks",
				);
				OTHER_LDFLAGS = (
					"-ObjC",
					"-lc++",
					"$(inherited)",
				);
				PRODUCT_BUNDLE_IDENTIFIER = "org.reactjs.native.example.$(PRODUCT_NAME:rfc1034identifier)";
				PRODUCT_NAME = "$(TARGET_NAME)";
				TEST_HOST = "$(BUILT_PRODUCTS_DIR)/loteria.app/loteria";
			};
			name = Release;
		};
		13B07F941A680F5B00A75B9A /* Debug */ = {
			isa = XCBuildConfiguration;
			baseConfigurationReference = 82796F3AF1E67A45BD59BD2B /* Pods-loteria.debug.xcconfig */;
			buildSettings = {
				ASSETCATALOG_COMPILER_APPICON_NAME = AppIcon;
				CLANG_ENABLE_MODULES = YES;
				CODE_SIGN_IDENTITY = "iPhone Distribution";
				CODE_SIGN_STYLE = Manual;
				CURRENT_PROJECT_VERSION = 2;
				DEVELOPMENT_TEAM = GGJXT9B959;
				ENABLE_BITCODE = NO;
				INFOPLIST_FILE = loteria/Info.plist;
				LD_RUNPATH_SEARCH_PATHS = (
					"$(inherited)",
					"@executable_path/Frameworks",
				);
				MARKETING_VERSION = 1.1;
				OTHER_LDFLAGS = (
					"$(inherited)",
					"-ObjC",
					"-lc++",
				);
				PRODUCT_BUNDLE_IDENTIFIER = com.danieldominguez.loteria;
				PRODUCT_NAME = loteria;
				PROVISIONING_PROFILE_SPECIFIER = Loteria;
				SWIFT_OPTIMIZATION_LEVEL = "-Onone";
				SWIFT_VERSION = 5.0;
				VERSIONING_SYSTEM = "apple-generic";
			};
			name = Debug;
		};
		13B07F951A680F5B00A75B9A /* Release */ = {
			isa = XCBuildConfiguration;
			baseConfigurationReference = 6A2683D10F079A1B4C870741 /* Pods-loteria.release.xcconfig */;
			buildSettings = {
				ASSETCATALOG_COMPILER_APPICON_NAME = AppIcon;
				CLANG_ENABLE_MODULES = YES;
				CODE_SIGN_IDENTITY = "iPhone Distribution";
				CODE_SIGN_STYLE = Manual;
				CURRENT_PROJECT_VERSION = 2;
				DEVELOPMENT_TEAM = GGJXT9B959;
				INFOPLIST_FILE = loteria/Info.plist;
				LD_RUNPATH_SEARCH_PATHS = (
					"$(inherited)",
					"@executable_path/Frameworks",
				);
				MARKETING_VERSION = 1.1;
				OTHER_LDFLAGS = (
					"$(inherited)",
					"-ObjC",
					"-lc++",
				);
				PRODUCT_BUNDLE_IDENTIFIER = com.danieldominguez.loteria;
				PRODUCT_NAME = loteria;
				PROVISIONING_PROFILE_SPECIFIER = Loteria;
				SWIFT_VERSION = 5.0;
				VERSIONING_SYSTEM = "apple-generic";
			};
			name = Release;
		};
		83CBBA201A601CBA00E9B192 /* Debug */ = {
			isa = XCBuildConfiguration;
			buildSettings = {
				ALWAYS_SEARCH_USER_PATHS = NO;
				CLANG_ANALYZER_LOCALIZABILITY_NONLOCALIZED = YES;
				CLANG_CXX_LANGUAGE_STANDARD = "gnu++0x";
				CLANG_CXX_LIBRARY = "libc++";
				CLANG_ENABLE_MODULES = YES;
				CLANG_ENABLE_OBJC_ARC = YES;
				CLANG_WARN_BLOCK_CAPTURE_AUTORELEASING = YES;
				CLANG_WARN_BOOL_CONVERSION = YES;
				CLANG_WARN_COMMA = YES;
				CLANG_WARN_CONSTANT_CONVERSION = YES;
				CLANG_WARN_DEPRECATED_OBJC_IMPLEMENTATIONS = YES;
				CLANG_WARN_DIRECT_OBJC_ISA_USAGE = YES_ERROR;
				CLANG_WARN_EMPTY_BODY = YES;
				CLANG_WARN_ENUM_CONVERSION = YES;
				CLANG_WARN_INFINITE_RECURSION = YES;
				CLANG_WARN_INT_CONVERSION = YES;
				CLANG_WARN_NON_LITERAL_NULL_CONVERSION = YES;
				CLANG_WARN_OBJC_IMPLICIT_RETAIN_SELF = YES;
				CLANG_WARN_OBJC_LITERAL_CONVERSION = YES;
				CLANG_WARN_OBJC_ROOT_CLASS = YES_ERROR;
				CLANG_WARN_QUOTED_INCLUDE_IN_FRAMEWORK_HEADER = YES;
				CLANG_WARN_RANGE_LOOP_ANALYSIS = YES;
				CLANG_WARN_STRICT_PROTOTYPES = YES;
				CLANG_WARN_SUSPICIOUS_MOVE = YES;
				CLANG_WARN_UNREACHABLE_CODE = YES;
				CLANG_WARN__DUPLICATE_METHOD_MATCH = YES;
				"CODE_SIGN_IDENTITY[sdk=iphoneos*]" = "iPhone Developer";
				COPY_PHASE_STRIP = NO;
				ENABLE_STRICT_OBJC_MSGSEND = YES;
				ENABLE_TESTABILITY = YES;
				"EXCLUDED_ARCHS[sdk=iphonesimulator*]" = "";
				GCC_C_LANGUAGE_STANDARD = gnu99;
				GCC_DYNAMIC_NO_PIC = NO;
				GCC_NO_COMMON_BLOCKS = YES;
				GCC_OPTIMIZATION_LEVEL = 0;
				GCC_PREPROCESSOR_DEFINITIONS = (
					"DEBUG=1",
					"$(inherited)",
				);
				GCC_SYMBOLS_PRIVATE_EXTERN = NO;
				GCC_WARN_64_TO_32_BIT_CONVERSION = YES;
				GCC_WARN_ABOUT_RETURN_TYPE = YES_ERROR;
				GCC_WARN_UNDECLARED_SELECTOR = YES;
				GCC_WARN_UNINITIALIZED_AUTOS = YES_AGGRESSIVE;
				GCC_WARN_UNUSED_FUNCTION = YES;
				GCC_WARN_UNUSED_VARIABLE = YES;
				IPHONEOS_DEPLOYMENT_TARGET = 11.0;
				LD_RUNPATH_SEARCH_PATHS = (
					/usr/lib/swift,
					"$(inherited)",
				);
				LIBRARY_SEARCH_PATHS = (
					"\"$(SDKROOT)/usr/lib/swift\"",
					"\"$(TOOLCHAIN_DIR)/usr/lib/swift/$(PLATFORM_NAME)\"",
					"\"$(inherited)\"",
				);
				MTL_ENABLE_DEBUG_INFO = YES;
				ONLY_ACTIVE_ARCH = YES;
				SDKROOT = iphoneos;
			};
			name = Debug;
		};
		83CBBA211A601CBA00E9B192 /* Release */ = {
			isa = XCBuildConfiguration;
			buildSettings = {
				ALWAYS_SEARCH_USER_PATHS = NO;
				CLANG_ANALYZER_LOCALIZABILITY_NONLOCALIZED = YES;
				CLANG_CXX_LANGUAGE_STANDARD = "gnu++0x";
				CLANG_CXX_LIBRARY = "libc++";
				CLANG_ENABLE_MODULES = YES;
				CLANG_ENABLE_OBJC_ARC = YES;
				CLANG_WARN_BLOCK_CAPTURE_AUTORELEASING = YES;
				CLANG_WARN_BOOL_CONVERSION = YES;
				CLANG_WARN_COMMA = YES;
				CLANG_WARN_CONSTANT_CONVERSION = YES;
				CLANG_WARN_DEPRECATED_OBJC_IMPLEMENTATIONS = YES;
				CLANG_WARN_DIRECT_OBJC_ISA_USAGE = YES_ERROR;
				CLANG_WARN_EMPTY_BODY = YES;
				CLANG_WARN_ENUM_CONVERSION = YES;
				CLANG_WARN_INFINITE_RECURSION = YES;
				CLANG_WARN_INT_CONVERSION = YES;
				CLANG_WARN_NON_LITERAL_NULL_CONVERSION = YES;
				CLANG_WARN_OBJC_IMPLICIT_RETAIN_SELF = YES;
				CLANG_WARN_OBJC_LITERAL_CONVERSION = YES;
				CLANG_WARN_OBJC_ROOT_CLASS = YES_ERROR;
				CLANG_WARN_QUOTED_INCLUDE_IN_FRAMEWORK_HEADER = YES;
				CLANG_WARN_RANGE_LOOP_ANALYSIS = YES;
				CLANG_WARN_STRICT_PROTOTYPES = YES;
				CLANG_WARN_SUSPICIOUS_MOVE = YES;
				CLANG_WARN_UNREACHABLE_CODE = YES;
				CLANG_WARN__DUPLICATE_METHOD_MATCH = YES;
				"CODE_SIGN_IDENTITY[sdk=iphoneos*]" = "iPhone Developer";
				COPY_PHASE_STRIP = YES;
				ENABLE_NS_ASSERTIONS = NO;
				ENABLE_STRICT_OBJC_MSGSEND = YES;
				"EXCLUDED_ARCHS[sdk=iphonesimulator*]" = "";
				GCC_C_LANGUAGE_STANDARD = gnu99;
				GCC_NO_COMMON_BLOCKS = YES;
				GCC_WARN_64_TO_32_BIT_CONVERSION = YES;
				GCC_WARN_ABOUT_RETURN_TYPE = YES_ERROR;
				GCC_WARN_UNDECLARED_SELECTOR = YES;
				GCC_WARN_UNINITIALIZED_AUTOS = YES_AGGRESSIVE;
				GCC_WARN_UNUSED_FUNCTION = YES;
				GCC_WARN_UNUSED_VARIABLE = YES;
				IPHONEOS_DEPLOYMENT_TARGET = 11.0;
				LD_RUNPATH_SEARCH_PATHS = (
					/usr/lib/swift,
					"$(inherited)",
				);
				LIBRARY_SEARCH_PATHS = (
					"\"$(SDKROOT)/usr/lib/swift\"",
					"\"$(TOOLCHAIN_DIR)/usr/lib/swift/$(PLATFORM_NAME)\"",
					"\"$(inherited)\"",
				);
				MTL_ENABLE_DEBUG_INFO = NO;
				SDKROOT = iphoneos;
				VALIDATE_PRODUCT = YES;
			};
			name = Release;
		};
/* End XCBuildConfiguration section */

/* Begin XCConfigurationList section */
		00E357021AD99517003FC87E /* Build configuration list for PBXNativeTarget "loteriaTests" */ = {
			isa = XCConfigurationList;
			buildConfigurations = (
				00E356F61AD99517003FC87E /* Debug */,
				00E356F71AD99517003FC87E /* Release */,
			);
			defaultConfigurationIsVisible = 0;
			defaultConfigurationName = Release;
		};
		13B07F931A680F5B00A75B9A /* Build configuration list for PBXNativeTarget "loteria" */ = {
			isa = XCConfigurationList;
			buildConfigurations = (
				13B07F941A680F5B00A75B9A /* Debug */,
				13B07F951A680F5B00A75B9A /* Release */,
			);
			defaultConfigurationIsVisible = 0;
			defaultConfigurationName = Release;
		};
		83CBB9FA1A601CBA00E9B192 /* Build configuration list for PBXProject "loteria" */ = {
			isa = XCConfigurationList;
			buildConfigurations = (
				83CBBA201A601CBA00E9B192 /* Debug */,
				83CBBA211A601CBA00E9B192 /* Release */,
			);
			defaultConfigurationIsVisible = 0;
			defaultConfigurationName = Release;
		};
/* End XCConfigurationList section */
	};
	rootObject = 83CBB9F71A601CBA00E9B192 /* Project object */;
}
